{
  "name": "node-test",
  "version": "1.0.0",
  "lockfileVersion": 1,
  "requires": true,
  "dependencies": {
    "node-fetch": {
      "version": "2.6.1",
      "resolved": "https://registry.npmjs.org/node-fetch/-/node-fetch-2.6.1.tgz",
      "integrity": "sha512-V4aYg89jEoVRxRb2fJdAg8FHvI7cEyYdVAh94HH0UIK8oJxUfkjlDQN9RbMx+bEjP7+ggMiFRprSti032Oipxw=="
    },
    "robust-http-fetch": {
      "version": "1.1.8",
      "resolved": "https://registry.npmjs.org/robust-http-fetch/-/robust-http-fetch-1.1.8.tgz",
      "integrity": "sha512-Pfxm9hpxbPmsXK2hQNB8Y8dodfPxeVdIch+HZZhDcE/1UHp5f7HaIyylcjUZX18FJaJ7NzjaMg9eEMfQ1a5Uzw==",
      "requires": {
        "node-fetch": ">=2.6.1"
      }
    }
  }
}
