{
  "name": "node-test",
  "version": "1.0.0",
  "lockfileVersion": 1,
  "requires": true,
  "dependencies": {
    "node-fetch": {
      "version": "2.6.1",
      "resolved": "https://registry.npmjs.org/node-fetch/-/node-fetch-2.6.1.tgz",
      "integrity": "sha512-V4aYg89jEoVRxRb2fJdAg8FHvI7cEyYdVAh94HH0UIK8oJxUfkjlDQN9RbMx+bEjP7+ggMiFRprSti032Oipxw=="
    },
    "robust-http-fetch": {
      "version": "1.1.6",
      "resolved": "https://registry.npmjs.org/robust-http-fetch/-/robust-http-fetch-1.1.6.tgz",
      "integrity": "sha512-WvJROGL85+703JM9UGkwP/RwkX1d1IHdMwpmszSSKXy+WiErk6pIumOBYvtkMA6l7eo1NvFoElmr8kZtzdZIdA==",
      "requires": {
        "node-fetch": ">=2.6.1"
      }
    }
  }
}
